
Microsoft Visual Studio Solution File, Format Version 12.00
# Visual Studio Version 16
VisualStudioVersion = 16.0.29519.181
MinimumVisualStudioVersion = 10.0.40219.1
Project("{FAE04EC0-301F-11D3-BF4B-00C04F79EFBC}") = "FirstWebApp", "FirstWebApp\FirstWebApp.csproj", "{2A8F0349-16DE-423E-BDC6-594459218762}"
EndProject
Global
	GlobalSection(SolutionConfigurationPlatforms) = preSolution
		Debug|Any CPU = Debug|Any CPU
		Release|Any CPU = Release|Any CPU
	EndGlobalSection
	GlobalSection(ProjectConfigurationPlatforms) = postSolution
		{2A8F0349-16DE-423E-BDC6-594459218762}.Debug|Any CPU.ActiveCfg = Debug|Any CPU
		{2A8F0349-16DE-423E-BDC6-594459218762}.Debug|Any CPU.Build.0 = Debug|Any CPU
		{2A8F0349-16DE-423E-BDC6-594459218762}.Release|Any CPU.ActiveCfg = Release|Any CPU
		{2A8F0349-16DE-423E-BDC6-594459218762}.Release|Any CPU.Build.0 = Release|Any CPU
	EndGlobalSection
	GlobalSection(SolutionProperties) = preSolution
		HideSolutionNode = FALSE
	EndGlobalSection
	GlobalSection(ExtensibilityGlobals) = postSolution
		SolutionGuid = {AFAA2E3A-3B51-4883-8DA7-D4FE7E23A650}
	EndGlobalSection
EndGlobal
